
Microsoft Visual Studio Solution File, Format Version 12.00
# Visual Studio Version 17
VisualStudioVersion = 17.8.34330.188
MinimumVisualStudioVersion = 10.0.40219.1
Project("{FAE04EC0-301F-11D3-BF4B-00C04F79EFBC}") = "Library", "Library\Library.csproj", "{63F6359F-630F-445E-9052-D68108F8901C}"
EndProject
Global
	GlobalSection(SolutionConfigurationPlatforms) = preSolution
		Debug|Any CPU = Debug|Any CPU
		Release|Any CPU = Release|Any CPU
	EndGlobalSection
	GlobalSection(ProjectConfigurationPlatforms) = postSolution
		{63F6359F-630F-445E-9052-D68108F8901C}.Debug|Any CPU.ActiveCfg = Debug|Any CPU
		{63F6359F-630F-445E-9052-D68108F8901C}.Debug|Any CPU.Build.0 = Debug|Any CPU
		{63F6359F-630F-445E-9052-D68108F8901C}.Release|Any CPU.ActiveCfg = Release|Any CPU
		{63F6359F-630F-445E-9052-D68108F8901C}.Release|Any CPU.Build.0 = Release|Any CPU
	EndGlobalSection
	GlobalSection(SolutionProperties) = preSolution
		HideSolutionNode = FALSE
	EndGlobalSection
	GlobalSection(ExtensibilityGlobals) = postSolution
		SolutionGuid = {7E04187F-5703-417A-9F73-9F6233E31FA1}
	EndGlobalSection
EndGlobal
